github.com/NYTimes/gziphandler v1.1.1 h1:ZUDjpQae29j0ryrS0u/B8HZfJBtBQHjqw2rQ2cqUQ3I=
github.com/NYTimes/gziphandler v1.1.1/go.mod h1:n/CVRwUEOgIxrgPvAQhUUr9oeUtvrhMomdKFjzJNB0c=
github.com/davecgh/go-spew v1.1.0 h1:ZDRjVQ15GmhC3fiQ8ni8+OwkZQO4DARzQgrnXU1Liz8=
github.com/davecgh/go-spew v1.1.0/go.mod h1:J7Y8YcW2NihsgmVo/mv3lAwl/skON4iLHjSsI+c5H38=
github.com/pmezard/go-difflib v1.0.0 h1:4DBwDE0NGyQoBHbLQYPwSUPoCMWR5BEzIk/f1lZbAQM=
github.com/pmezard/go-difflib v1.0.0/go.mod h1:iKH77koFhYxTK1pcRnkKkqfTogsbg7gZNVY4sRDYZ/4=
github.com/stretchr/objx v0.1.0/go.mod h1:HFkY916IF+rwdDfMAkV7OtwuqBVzrE8GR6GFx+wExME=
github.com/stretchr/testify v1.3.0 h1:TivCn/peBQ7UY8ooIcPgZFpTNSz0Q2U6UrFlUfqbe0Q=
github.com/stretchr/testify v1.3.0/go.mod h1:M5WIy9Dh21IEIfnGCwXGc5bZfKNJtfHm1UVUgZn+9EI=
github.com/tdewolff/minify/v2 v2.12.9 h1:dvn5MtmuQ/DFMwqf5j8QhEVpPX6fi3WGImhv8RUB4zA=
github.com/tdewolff/minify/v2 v2.12.9/go.mod h1:qOqdlDfL+7v0/fyymB+OP497nIxJYSvX4MQWA8OoiXU=
github.com/tdewolff/parse/v2 v2.6.8 h1:mhNZXYCx//xG7Yq2e/kVLNZw4YfYmeHbhx+Zc0OvFMA=
github.com/tdewolff/parse/v2 v2.6.8/go.mod h1:XHDhaU6IBgsryfdnpzUXBlT6leW/l25yrFBTEb4eIyM=
github.com/tdewolff/test v1.0.9 h1:SswqJCmeN4B+9gEAi/5uqT0qpi1y2/2O47V/1hhGZT0=
github.com/tdewolff/test v1.0.9/go.mod h1:6DAvZliBAAnD7rhVgwaM7DE5/d9NMOAJ09SqYqeK4QE=
